PODS:
  - Charts (3.6.0):
    - Charts/Core (= 3.6.0)
  - Charts/Core (3.6.0)
  - SideMenu (6.5.0)
  - UICircularProgressRing (8.0.0)

DEPENDENCIES:
  - Charts
  - SideMenu (~> 6.0)
  - UICircularProgressRing

SPEC REPOS:
  trunk:
    - Charts
    - SideMenu
    - UICircularProgressRing

SPEC CHECKSUMS:
  Charts: b1e3a1f5a1c9ba5394438ca3b91bd8c9076310af
  SideMenu: f583187d21c5b1dd04c72002be544b555a2627a2
  UICircularProgressRing: 19927375b2b21b5fa5fd9582f15ccdef9659da16

PODFILE CHECKSUM: 400f50ce1c093df3dd6faff0facf3cb2f21fcd75

COCOAPODS: 1.10.1
